// !$*UTF8*$!
{
	archiveVersion = 1;
	classes = {
	};
	objectVersion = 55;
	objects = {

/* Begin PBXBuildFile section */
		3699F1DB27CFD64D00767A14 /* cw2_day1_withretajApp.swift in Sources */ = {isa = PBXBuildFile; fileRef = 3699F1DA27CFD64D00767A14 /* cw2_day1_withretajApp.swift */; };
		3699F1DD27CFD64D00767A14 /* ContentView.swift in Sources */ = {isa = PBXBuildFile; fileRef = 3699F1DC27CFD64D00767A14 /* ContentView.swift */; };
		3699F1DF27CFD65100767A14 /* Assets.xcassets in Resources */ = {isa = PBXBuildFile; fileRef = 3699F1DE27CFD65100767A14 /* Assets.xcassets */; };
		3699F1E227CFD65100767A14 /* Preview Assets.xcassets in Resources */ = {isa = PBXBuildFile; fileRef = 3699F1E127CFD65100767A14 /* Preview Assets.xcassets */; };
		3699F1EC27CFD65200767A14 /* cw2_day1_withretajTests.swift in Sources */ = {isa = PBXBuildFile; fileRef = 3699F1EB27CFD65200767A14 /* cw2_day1_withretajTests.swift */; };
		3699F1F627CFD65200767A14 /* cw2_day1_withretajUITests.swift in Sources */ = {isa = PBXBuildFile; fileRef = 3699F1F527CFD65200767A14 /* cw2_day1_withretajUITests.swift */; };
		3699F1F827CFD65200767A14 /* cw2_day1_withretajUITestsLaunchTests.swift in Sources */ = {isa = PBXBuildFile; fileRef = 3699F1F727CFD65200767A14 /* cw2_day1_withretajUITestsLaunchTests.swift */; };
/* End PBXBuildFile section */

/* Begin PBXContainerItemProxy section */
		3699F1E827CFD65200767A14 /* PBXContainerItemProxy */ = {
			isa = PBXContainerItemProxy;
			containerPortal = 3699F1CF27CFD64C00767A14 /* Project object */;
			proxyType = 1;
			remoteGlobalIDString = 3699F1D627CFD64C00767A14;
			remoteInfo = "cw2-day1-withretaj";
		};
		3699F1F227CFD65200767A14 /* PBXContainerItemProxy */ = {
			isa = PBXContainerItemProxy;
			containerPortal = 3699F1CF27CFD64C00767A14 /* Project object */;
			proxyType = 1;
			remoteGlobalIDString = 3699F1D627CFD64C00767A14;
			remoteInfo = "cw2-day1-withretaj";
		};
/* End PBXContainerItemProxy section */

/* Begin PBXFileReference section */
		3699F1D727CFD64D00767A14 /* cw2-day1-withretaj.app */ = {isa = PBXFileReference; explicitFileType = wrapper.application; includeInIndex = 0; path = "cw2-day1-withretaj.app"; sourceTree = BUILT_PRODUCTS_DIR; };
		3699F1DA27CFD64D00767A14 /* cw2_day1_withretajApp.swift */ = {isa = PBXFileReference; lastKnownFileType = sourcecode.swift; path = cw2_day1_withretajApp.swift; sourceTree = "<group>"; };
		3699F1DC27CFD64D00767A14 /* ContentView.swift */ = {isa = PBXFileReference; lastKnownFileType = sourcecode.swift; path = ContentView.swift; sourceTree = "<group>"; };
		3699F1DE27CFD65100767A14 /* Assets.xcassets */ = {isa = PBXFileReference; lastKnownFileType = folder.assetcatalog; path = Assets.xcassets; sourceTree = "<group>"; };
		3699F1E127CFD65100767A14 /* Preview Assets.xcassets */ = {isa = PBXFileReference; lastKnownFileType = folder.assetcatalog; path = "Preview Assets.xcassets"; sourceTree = "<group>"; };
		3699F1E727CFD65200767A14 /* cw2-day1-withretajTests.xctest */ = {isa = PBXFileReference; explicitFileType = wrapper.cfbundle; includeInIndex = 0; path = "cw2-day1-withretajTests.xctest"; sourceTree = BUILT_PRODUCTS_DIR; };
		3699F1EB27CFD65200767A14 /* cw2_day1_withretajTests.swift */ = {isa = PBXFileReference; lastKnownFileType = sourcecode.swift; path = cw2_day1_withretajTests.swift; sourceTree = "<group>"; };
		3699F1F127CFD65200767A14 /* cw2-day1-withretajUITests.xctest */ = {isa = PBXFileReference; explicitFileType = wrapper.cfbundle; includeInIndex = 0; path = "cw2-day1-withretajUITests.xctest"; sourceTree = BUILT_PRODUCTS_DIR; };
		3699F1F527CFD65200767A14 /* cw2_day1_withretajUITests.swift */ = {isa = PBXFileReference; lastKnownFileType = sourcecode.swift; path = cw2_day1_withretajUITests.swift; sourceTree = "<group>"; };
		3699F1F727CFD65200767A14 /* cw2_day1_withretajUITestsLaunchTests.swift */ = {isa = PBXFileReference; lastKnownFileType = sourcecode.swift; path = cw2_day1_withretajUITestsLaunchTests.swift; sourceTree = "<group>"; };
/* End PBXFileReference section */

/* Begin PBXFrameworksBuildPhase section */
		3699F1D427CFD64C00767A14 /* Frameworks */ = {
			isa = PBXFrameworksBuildPhase;
			buildActionMask = 2147483647;
			files = (
			);
			runOnlyForDeploymentPostprocessing = 0;
		};
		3699F1E427CFD65200767A14 /* Frameworks */ = {
			isa = PBXFrameworksBuildPhase;
			buildActionMask = 2147483647;
			files = (
			);
			runOnlyForDeploymentPostprocessing = 0;
		};
		3699F1EE27CFD65200767A14 /* Frameworks */ = {
			isa = PBXFrameworksBuildPhase;
			buildActionMask = 2147483647;
			files = (
			);
			runOnlyForDeploymentPostprocessing = 0;
		};
/* End PBXFrameworksBuildPhase section */

/* Begin PBXGroup section */
		3699F1CE27CFD64C00767A14 = {
			isa = PBXGroup;
			children = (
				3699F1D927CFD64D00767A14 /* cw2-day1-withretaj */,
				3699F1EA27CFD65200767A14 /* cw2-day1-withretajTests */,
				3699F1F427CFD65200767A14 /* cw2-day1-withretajUITests */,
				3699F1D827CFD64D00767A14 /* Products */,
			);
			sourceTree = "<group>";
		};
		3699F1D827CFD64D00767A14 /* Products */ = {
			isa = PBXGroup;
			children = (
				3699F1D727CFD64D00767A14 /* cw2-day1-withretaj.app */,
				3699F1E727CFD65200767A14 /* cw2-day1-withretajTests.xctest */,
				3699F1F127CFD65200767A14 /* cw2-day1-withretajUITests.xctest */,
			);
			name = Products;
			sourceTree = "<group>";
		};
		3699F1D927CFD64D00767A14 /* cw2-day1-withretaj */ = {
			isa = PBXGroup;
			children = (
				3699F1DA27CFD64D00767A14 /* cw2_day1_withretajApp.swift */,
				3699F1DC27CFD64D00767A14 /* ContentView.swift */,
				3699F1DE27CFD65100767A14 /* Assets.xcassets */,
				3699F1E027CFD65100767A14 /* Preview Content */,
			);
			path = "cw2-day1-withretaj";
			sourceTree = "<group>";
		};
		3699F1E027CFD65100767A14 /* Preview Content */ = {
			isa = PBXGroup;
			children = (
				3699F1E127CFD65100767A14 /* Preview Assets.xcassets */,
			);
			path = "Preview Content";
			sourceTree = "<group>";
		};
		3699F1EA27CFD65200767A14 /* cw2-day1-withretajTests */ = {
			isa = PBXGroup;
			children = (
				3699F1EB27CFD65200767A14 /* cw2_day1_withretajTests.swift */,
			);
			path = "cw2-day1-withretajTests";
			sourceTree = "<group>";
		};
		3699F1F427CFD65200767A14 /* cw2-day1-withretajUITests */ = {
			isa = PBXGroup;
			children = (
				3699F1F527CFD65200767A14 /* cw2_day1_withretajUITests.swift */,
				3699F1F727CFD65200767A14 /* cw2_day1_withretajUITestsLaunchTests.swift */,
			);
			path = "cw2-day1-withretajUITests";
			sourceTree = "<group>";
		};
/* End PBXGroup section */

/* Begin PBXNativeTarget section */
		3699F1D627CFD64C00767A14 /* cw2-day1-withretaj */ = {
			isa = PBXNativeTarget;
			buildConfigurationList = 3699F1FB27CFD65200767A14 /* Build configuration list for PBXNativeTarget "cw2-day1-withretaj" */;
			buildPhases = (
				3699F1D327CFD64C00767A14 /* Sources */,
				3699F1D427CFD64C00767A14 /* Frameworks */,
				3699F1D527CFD64C00767A14 /* Resources */,
			);
			buildRules = (
			);
			dependencies = (
			);
			name = "cw2-day1-withretaj";
			productName = "cw2-day1-withretaj";
			productReference = 3699F1D727CFD64D00767A14 /* cw2-day1-withretaj.app */;
			productType = "com.apple.product-type.application";
		};
		3699F1E627CFD65200767A14 /* cw2-day1-withretajTests */ = {
			isa = PBXNativeTarget;
			buildConfigurationList = 3699F1FE27CFD65200767A14 /* Build configuration list for PBXNativeTarget "cw2-day1-withretajTests" */;
			buildPhases = (
				3699F1E327CFD65200767A14 /* Sources */,
				3699F1E427CFD65200767A14 /* Frameworks */,
				3699F1E527CFD65200767A14 /* Resources */,
			);
			buildRules = (
			);
			dependencies = (
				3699F1E927CFD65200767A14 /* PBXTargetDependency */,
			);
			name = "cw2-day1-withretajTests";
			productName = "cw2-day1-withretajTests";
			productReference = 3699F1E727CFD65200767A14 /* cw2-day1-withretajTests.xctest */;
			productType = "com.apple.product-type.bundle.unit-test";
		};
		3699F1F027CFD65200767A14 /* cw2-day1-withretajUITests */ = {
			isa = PBXNativeTarget;
			buildConfigurationList = 3699F20127CFD65200767A14 /* Build configuration list for PBXNativeTarget "cw2-day1-withretajUITests" */;
			buildPhases = (
				3699F1ED27CFD65200767A14 /* Sources */,
				3699F1EE27CFD65200767A14 /* Frameworks */,
				3699F1EF27CFD65200767A14 /* Resources */,
			);
			buildRules = (
			);
			dependencies = (
				3699F1F327CFD65200767A14 /* PBXTargetDependency */,
			);
			name = "cw2-day1-withretajUITests";
			productName = "cw2-day1-withretajUITests";
			productReference = 3699F1F127CFD65200767A14 /* cw2-day1-withretajUITests.xctest */;
			productType = "com.apple.product-type.bundle.ui-testing";
		};
/* End PBXNativeTarget section */

/* Begin PBXProject section */
		3699F1CF27CFD64C00767A14 /* Project object */ = {
			isa = PBXProject;
			attributes = {
				BuildIndependentTargetsInParallel = 1;
				LastSwiftUpdateCheck = 1320;
				LastUpgradeCheck = 1320;
				TargetAttributes = {
					3699F1D627CFD64C00767A14 = {
						CreatedOnToolsVersion = 13.2.1;
					};
					3699F1E627CFD65200767A14 = {
						CreatedOnToolsVersion = 13.2.1;
						TestTargetID = 3699F1D627CFD64C00767A14;
					};
					3699F1F027CFD65200767A14 = {
						CreatedOnToolsVersion = 13.2.1;
						TestTargetID = 3699F1D627CFD64C00767A14;
					};
				};
			};
			buildConfigurationList = 3699F1D227CFD64C00767A14 /* Build configuration list for PBXProject "cw2-day1-withretaj" */;
			compatibilityVersion = "Xcode 13.0";
			developmentRegion = en;
			hasScannedForEncodings = 0;
			knownRegions = (
				en,
				Base,
			);
			mainGroup = 3699F1CE27CFD64C00767A14;
			productRefGroup = 3699F1D827CFD64D00767A14 /* Products */;
			projectDirPath = "";
			projectRoot = "";
			targets = (
				3699F1D627CFD64C00767A14 /* cw2-day1-withretaj */,
				3699F1E627CFD65200767A14 /* cw2-day1-withretajTests */,
				3699F1F027CFD65200767A14 /* cw2-day1-withretajUITests */,
			);
		};
/* End PBXProject section */

/* Begin PBXResourcesBuildPhase section */
		3699F1D527CFD64C00767A14 /* Resources */ = {
			isa = PBXResourcesBuildPhase;
			buildActionMask = 2147483647;
			files = (
				3699F1E227CFD65100767A14 /* Preview Assets.xcassets in Resources */,
				3699F1DF27CFD65100767A14 /* Assets.xcassets in Resources */,
			);
			runOnlyForDeploymentPostprocessing = 0;
		};
		3699F1E527CFD65200767A14 /* Resources */ = {
			isa = PBXResourcesBuildPhase;
			buildActionMask = 2147483647;
			files = (
			);
			runOnlyForDeploymentPostprocessing = 0;
		};
		3699F1EF27CFD65200767A14 /* Resources */ = {
			isa = PBXResourcesBuildPhase;
			buildActionMask = 2147483647;
			files = (
			);
			runOnlyForDeploymentPostprocessing = 0;
		};
/* End PBXResourcesBuildPhase section */

/* Begin PBXSourcesBuildPhase section */
		3699F1D327CFD64C00767A14 /* Sources */ = {
			isa = PBXSourcesBuildPhase;
			buildActionMask = 2147483647;
			files = (
				3699F1DD27CFD64D00767A14 /* ContentView.swift in Sources */,
				3699F1DB27CFD64D00767A14 /* cw2_day1_withretajApp.swift in Sources */,
			);
			runOnlyForDeploymentPostprocessing = 0;
		};
		3699F1E327CFD65200767A14 /* Sources */ = {
			isa = PBXSourcesBuildPhase;
			buildActionMask = 2147483647;
			files = (
				3699F1EC27CFD65200767A14 /* cw2_day1_withretajTests.swift in Sources */,
			);
			runOnlyForDeploymentPostprocessing = 0;
		};
		3699F1ED27CFD65200767A14 /* Sources */ = {
			isa = PBXSourcesBuildPhase;
			buildActionMask = 2147483647;
			files = (
				3699F1F627CFD65200767A14 /* cw2_day1_withretajUITests.swift in Sources */,
				3699F1F827CFD65200767A14 /* cw2_day1_withretajUITestsLaunchTests.swift in Sources */,
			);
			runOnlyForDeploymentPostprocessing = 0;
		};
/* End PBXSourcesBuildPhase section */

/* Begin PBXTargetDependency section */
		3699F1E927CFD65200767A14 /* PBXTargetDependency */ = {
			isa = PBXTargetDependency;
			target = 3699F1D627CFD64C00767A14 /* cw2-day1-withretaj */;
			targetProxy = 3699F1E827CFD65200767A14 /* PBXContainerItemProxy */;
		};
		3699F1F327CFD65200767A14 /* PBXTargetDependency */ = {
			isa = PBXTargetDependency;
			target = 3699F1D627CFD64C00767A14 /* cw2-day1-withretaj */;
			targetProxy = 3699F1F227CFD65200767A14 /* PBXContainerItemProxy */;
		};
/* End PBXTargetDependency section */

/* Begin XCBuildConfiguration section */
		3699F1F927CFD65200767A14 /* Debug */ = {
			isa = XCBuildConfiguration;
			buildSettings = {
				ALWAYS_SEARCH_USER_PATHS = NO;
				CLANG_ANALYZER_NONNULL = YES;
				CLANG_ANALYZER_NUMBER_OBJECT_CONVERSION = YES_AGGRESSIVE;
				CLANG_CXX_LANGUAGE_STANDARD = "gnu++17";
				CLANG_CXX_LIBRARY = "libc++";
				CLANG_ENABLE_MODULES = YES;
				CLANG_ENABLE_OBJC_ARC = YES;
				CLANG_ENABLE_OBJC_WEAK = YES;
				CLANG_WARN_BLOCK_CAPTURE_AUTORELEASING = YES;
				CLANG_WARN_BOOL_CONVERSION = YES;
				CLANG_WARN_COMMA = YES;
				CLANG_WARN_CONSTANT_CONVERSION = YES;
				CLANG_WARN_DEPRECATED_OBJC_IMPLEMENTATIONS = YES;
				CLANG_WARN_DIRECT_OBJC_ISA_USAGE = YES_ERROR;
				CLANG_WARN_DOCUMENTATION_COMMENTS = YES;
				CLANG_WARN_EMPTY_BODY = YES;
				CLANG_WARN_ENUM_CONVERSION = YES;
				CLANG_WARN_INFINITE_RECURSION = YES;
				CLANG_WARN_INT_CONVERSION = YES;
				CLANG_WARN_NON_LITERAL_NULL_CONVERSION = YES;
				CLANG_WARN_OBJC_IMPLICIT_RETAIN_SELF = YES;
				CLANG_WARN_OBJC_LITERAL_CONVERSION = YES;
				CLANG_WARN_OBJC_ROOT_CLASS = YES_ERROR;
				CLANG_WARN_QUOTED_INCLUDE_IN_FRAMEWORK_HEADER = YES;
				CLANG_WARN_RANGE_LOOP_ANALYSIS = YES;
				CLANG_WARN_STRICT_PROTOTYPES = YES;
				CLANG_WARN_SUSPICIOUS_MOVE = YES;
				CLANG_WARN_UNGUARDED_AVAILABILITY = YES_AGGRESSIVE;
				CLANG_WARN_UNREACHABLE_CODE = YES;
				CLANG_WARN__DUPLICATE_METHOD_MATCH = YES;
				COPY_PHASE_STRIP = NO;
				DEBUG_INFORMATION_FORMAT = dwarf;
				ENABLE_STRICT_OBJC_MSGSEND = YES;
				ENABLE_TESTABILITY = YES;
				GCC_C_LANGUAGE_STANDARD = gnu11;
				GCC_DYNAMIC_NO_PIC = NO;
				GCC_NO_COMMON_BLOCKS = YES;
				GCC_OPTIMIZATION_LEVEL = 0;
				GCC_PREPROCESSOR_DEFINITIONS = (
					"DEBUG=1",
					"$(inherited)",
				);
				GCC_WARN_64_TO_32_BIT_CONVERSION = YES;
				GCC_WARN_ABOUT_RETURN_TYPE = YES_ERROR;
				GCC_WARN_UNDECLARED_SELECTOR = YES;
				GCC_WARN_UNINITIALIZED_AUTOS = YES_AGGRESSIVE;
				GCC_WARN_UNUSED_FUNCTION = YES;
				GCC_WARN_UNUSED_VARIABLE = YES;
				IPHONEOS_DEPLOYMENT_TARGET = 15.2;
				MTL_ENABLE_DEBUG_INFO = INCLUDE_SOURCE;
				MTL_FAST_MATH = YES;
				ONLY_ACTIVE_ARCH = YES;
				SDKROOT = iphoneos;
				SWIFT_ACTIVE_COMPILATION_CONDITIONS = DEBUG;
				SWIFT_OPTIMIZATION_LEVEL = "-Onone";
			};
			name = Debug;
		};
		3699F1FA27CFD65200767A14 /* Release */ = {
			isa = XCBuildConfiguration;
			buildSettings = {
				ALWAYS_SEARCH_USER_PATHS = NO;
				CLANG_ANALYZER_NONNULL = YES;
				CLANG_ANALYZER_NUMBER_OBJECT_CONVERSION = YES_AGGRESSIVE;
				CLANG_CXX_LANGUAGE_STANDARD = "gnu++17";
				CLANG_CXX_LIBRARY = "libc++";
				CLANG_ENABLE_MODULES = YES;
				CLANG_ENABLE_OBJC_ARC = YES;
				CLANG_ENABLE_OBJC_WEAK = YES;
				CLANG_WARN_BLOCK_CAPTURE_AUTORELEASING = YES;
				CLANG_WARN_BOOL_CONVERSION = YES;
				CLANG_WARN_COMMA = YES;
				CLANG_WARN_CONSTANT_CONVERSION = YES;
				CLANG_WARN_DEPRECATED_OBJC_IMPLEMENTATIONS = YES;
				CLANG_WARN_DIRECT_OBJC_ISA_USAGE = YES_ERROR;
				CLANG_WARN_DOCUMENTATION_COMMENTS = YES;
				CLANG_WARN_EMPTY_BODY = YES;
				CLANG_WARN_ENUM_CONVERSION = YES;
				CLANG_WARN_INFINITE_RECURSION = YES;
				CLANG_WARN_INT_CONVERSION = YES;
				CLANG_WARN_NON_LITERAL_NULL_CONVERSION = YES;
				CLANG_WARN_OBJC_IMPLICIT_RETAIN_SELF = YES;
				CLANG_WARN_OBJC_LITERAL_CONVERSION = YES;
				CLANG_WARN_OBJC_ROOT_CLASS = YES_ERROR;
				CLANG_WARN_QUOTED_INCLUDE_IN_FRAMEWORK_HEADER = YES;
				CLANG_WARN_RANGE_LOOP_ANALYSIS = YES;
				CLANG_WARN_STRICT_PROTOTYPES = YES;
				CLANG_WARN_SUSPICIOUS_MOVE = YES;
				CLANG_WARN_UNGUARDED_AVAILABILITY = YES_AGGRESSIVE;
				CLANG_WARN_UNREACHABLE_CODE = YES;
				CLANG_WARN__DUPLICATE_METHOD_MATCH = YES;
				COPY_PHASE_STRIP = NO;
				DEBUG_INFORMATION_FORMAT = "dwarf-with-dsym";
				ENABLE_NS_ASSERTIONS = NO;
				ENABLE_STRICT_OBJC_MSGSEND = YES;
				GCC_C_LANGUAGE_STANDARD = gnu11;
				GCC_NO_COMMON_BLOCKS = YES;
				GCC_WARN_64_TO_32_BIT_CONVERSION = YES;
				GCC_WARN_ABOUT_RETURN_TYPE = YES_ERROR;
				GCC_WARN_UNDECLARED_SELECTOR = YES;
				GCC_WARN_UNINITIALIZED_AUTOS = YES_AGGRESSIVE;
				GCC_WARN_UNUSED_FUNCTION = YES;
				GCC_WARN_UNUSED_VARIABLE = YES;
				IPHONEOS_DEPLOYMENT_TARGET = 15.2;
				MTL_ENABLE_DEBUG_INFO = NO;
				MTL_FAST_MATH = YES;
				SDKROOT = iphoneos;
				SWIFT_COMPILATION_MODE = wholemodule;
				SWIFT_OPTIMIZATION_LEVEL = "-O";
				VALIDATE_PRODUCT = YES;
			};
			name = Release;
		};
		3699F1FC27CFD65200767A14 /* Debug */ = {
			isa = XCBuildConfiguration;
			buildSettings = {
				ASSETCATALOG_COMPILER_APPICON_NAME = AppIcon;
				ASSETCATALOG_COMPILER_GLOBAL_ACCENT_COLOR_NAME = AccentColor;
				CODE_SIGN_STYLE = Automatic;
				CURRENT_PROJECT_VERSION = 1;
				DEVELOPMENT_ASSET_PATHS = "\"cw2-day1-withretaj/Preview Content\"";
				ENABLE_PREVIEWS = YES;
				GENERATE_INFOPLIST_FILE = YES;
				INFOPLIST_KEY_UIApplicationSceneManifest_Generation = YES;
				INFOPLIST_KEY_UIApplicationSupportsIndirectInputEvents = YES;
				INFOPLIST_KEY_UILaunchScreen_Generation = YES;
				INFOPLIST_KEY_UISupportedInterfaceOrientations_iPad = "UIInterfaceOrientationPortrait UIInterfaceOrientationPortraitUpsideDown UIInterfaceOrientationLandscapeLeft UIInterfaceOrientationLandscapeRight";
				INFOPLIST_KEY_UISupportedInterfaceOrientations_iPhone = "UIInterfaceOrientationPortrait UIInterfaceOrientationLandscapeLeft UIInterfaceOrientationLandscapeRight";
				LD_RUNPATH_SEARCH_PATHS = (
					"$(inherited)",
					"@executable_path/Frameworks",
				);
				MARKETING_VERSION = 1.0;
				PRODUCT_BUNDLE_IDENTIFIER = "washi.cw2-day1-withretaj";
				PRODUCT_NAME = "$(TARGET_NAME)";
				SWIFT_EMIT_LOC_STRINGS = YES;
				SWIFT_VERSION = 5.0;
				TARGETED_DEVICE_FAMILY = "1,2";
			};
			name = Debug;
		};
		3699F1FD27CFD65200767A14 /* Release */ = {
			isa = XCBuildConfiguration;
			buildSettings = {
				ASSETCATALOG_COMPILER_APPICON_NAME = AppIcon;
				ASSETCATALOG_COMPILER_GLOBAL_ACCENT_COLOR_NAME = AccentColor;
				CODE_SIGN_STYLE = Automatic;
				CURRENT_PROJECT_VERSION = 1;
				DEVELOPMENT_ASSET_PATHS = "\"cw2-day1-withretaj/Preview Content\"";
				ENABLE_PREVIEWS = YES;
				GENERATE_INFOPLIST_FILE = YES;
				INFOPLIST_KEY_UIApplicationSceneManifest_Generation = YES;
				INFOPLIST_KEY_UIApplicationSupportsIndirectInputEvents = YES;
				INFOPLIST_KEY_UILaunchScreen_Generation = YES;
				INFOPLIST_KEY_UISupportedInterfaceOrientations_iPad = "UIInterfaceOrientationPortrait UIInterfaceOrientationPortraitUpsideDown UIInterfaceOrientationLandscapeLeft UIInterfaceOrientationLandscapeRight";
				INFOPLIST_KEY_UISupportedInterfaceOrientations_iPhone = "UIInterfaceOrientationPortrait UIInterfaceOrientationLandscapeLeft UIInterfaceOrientationLandscapeRight";
				LD_RUNPATH_SEARCH_PATHS = (
					"$(inherited)",
					"@executable_path/Frameworks",
				);
				MARKETING_VERSION = 1.0;
				PRODUCT_BUNDLE_IDENTIFIER = "washi.cw2-day1-withretaj";
				PRODUCT_NAME = "$(TARGET_NAME)";
				SWIFT_EMIT_LOC_STRINGS = YES;
				SWIFT_VERSION = 5.0;
				TARGETED_DEVICE_FAMILY = "1,2";
			};
			name = Release;
		};
		3699F1FF27CFD65200767A14 /* Debug */ = {
			isa = XCBuildConfiguration;
			buildSettings = {
				ALWAYS_EMBED_SWIFT_STANDARD_LIBRARIES = YES;
				BUNDLE_LOADER = "$(TEST_HOST)";
				CODE_SIGN_STYLE = Automatic;
				CURRENT_PROJECT_VERSION = 1;
				GENERATE_INFOPLIST_FILE = YES;
				IPHONEOS_DEPLOYMENT_TARGET = 15.2;
				MARKETING_VERSION = 1.0;
				PRODUCT_BUNDLE_IDENTIFIER = "washi.cw2-day1-withretajTests";
				PRODUCT_NAME = "$(TARGET_NAME)";
				SWIFT_EMIT_LOC_STRINGS = NO;
				SWIFT_VERSION = 5.0;
				TARGETED_DEVICE_FAMILY = "1,2";
				TEST_HOST = "$(BUILT_PRODUCTS_DIR)/cw2-day1-withretaj.app/cw2-day1-withretaj";
			};
			name = Debug;
		};
		3699F20027CFD65200767A14 /* Release */ = {
			isa = XCBuildConfiguration;
			buildSettings = {
				ALWAYS_EMBED_SWIFT_STANDARD_LIBRARIES = YES;
				BUNDLE_LOADER = "$(TEST_HOST)";
				CODE_SIGN_STYLE = Automatic;
				CURRENT_PROJECT_VERSION = 1;
				GENERATE_INFOPLIST_FILE = YES;
				IPHONEOS_DEPLOYMENT_TARGET = 15.2;
				MARKETING_VERSION = 1.0;
				PRODUCT_BUNDLE_IDENTIFIER = "washi.cw2-day1-withretajTests";
				PRODUCT_NAME = "$(TARGET_NAME)";
				SWIFT_EMIT_LOC_STRINGS = NO;
				SWIFT_VERSION = 5.0;
				TARGETED_DEVICE_FAMILY = "1,2";
				TEST_HOST = "$(BUILT_PRODUCTS_DIR)/cw2-day1-withretaj.app/cw2-day1-withretaj";
			};
			name = Release;
		};
		3699F20227CFD65200767A14 /* Debug */ = {
			isa = XCBuildConfiguration;
			buildSettings = {
				ALWAYS_EMBED_SWIFT_STANDARD_LIBRARIES = YES;
				CODE_SIGN_STYLE = Automatic;
				CURRENT_PROJECT_VERSION = 1;
				GENERATE_INFOPLIST_FILE = YES;
				MARKETING_VERSION = 1.0;
				PRODUCT_BUNDLE_IDENTIFIER = "washi.cw2-day1-withretajUITests";
				PRODUCT_NAME = "$(TARGET_NAME)";
				SWIFT_EMIT_LOC_STRINGS = NO;
				SWIFT_VERSION = 5.0;
				TARGETED_DEVICE_FAMILY = "1,2";
				TEST_TARGET_NAME = "cw2-day1-withretaj";
			};
			name = Debug;
		};
		3699F20327CFD65200767A14 /* Release */ = {
			isa = XCBuildConfiguration;
			buildSettings = {
				ALWAYS_EMBED_SWIFT_STANDARD_LIBRARIES = YES;
				CODE_SIGN_STYLE = Automatic;
				CURRENT_PROJECT_VERSION = 1;
				GENERATE_INFOPLIST_FILE = YES;
				MARKETING_VERSION = 1.0;
				PRODUCT_BUNDLE_IDENTIFIER = "washi.cw2-day1-withretajUITests";
				PRODUCT_NAME = "$(TARGET_NAME)";
				SWIFT_EMIT_LOC_STRINGS = NO;
				SWIFT_VERSION = 5.0;
				TARGETED_DEVICE_FAMILY = "1,2";
				TEST_TARGET_NAME = "cw2-day1-withretaj";
			};
			name = Release;
		};
/* End XCBuildConfiguration section */

/* Begin XCConfigurationList section */
		3699F1D227CFD64C00767A14 /* Build configuration list for PBXProject "cw2-day1-withretaj" */ = {
			isa = XCConfigurationList;
			buildConfigurations = (
				3699F1F927CFD65200767A14 /* Debug */,
				3699F1FA27CFD65200767A14 /* Release */,
			);
			defaultConfigurationIsVisible = 0;
			defaultConfigurationName = Release;
		};
		3699F1FB27CFD65200767A14 /* Build configuration list for PBXNativeTarget "cw2-day1-withretaj" */ = {
			isa = XCConfigurationList;
			buildConfigurations = (
				3699F1FC27CFD65200767A14 /* Debug */,
				3699F1FD27CFD65200767A14 /* Release */,
			);
			defaultConfigurationIsVisible = 0;
			defaultConfigurationName = Release;
		};
		3699F1FE27CFD65200767A14 /* Build configuration list for PBXNativeTarget "cw2-day1-withretajTests" */ = {
			isa = XCConfigurationList;
			buildConfigurations = (
				3699F1FF27CFD65200767A14 /* Debug */,
				3699F20027CFD65200767A14 /* Release */,
			);
			defaultConfigurationIsVisible = 0;
			defaultConfigurationName = Release;
		};
		3699F20127CFD65200767A14 /* Build configuration list for PBXNativeTarget "cw2-day1-withretajUITests" */ = {
			isa = XCConfigurationList;
			buildConfigurations = (
				3699F20227CFD65200767A14 /* Debug */,
				3699F20327CFD65200767A14 /* Release */,
			);
			defaultConfigurationIsVisible = 0;
			defaultConfigurationName = Release;
		};
/* End XCConfigurationList section */
	};
	rootObject = 3699F1CF27CFD64C00767A14 /* Project object */;
}
